// !$*UTF8*$!
{
	archiveVersion = 1;
	classes = {
	};
	objectVersion = 55;
	objects = {

/* Begin PBXBuildFile section */
		0767B736282A705500DA0F17 /* Notes WatchKit App.app in Embed Watch Content */ = {isa = PBXBuildFile; fileRef = 0767B735282A705500DA0F17 /* Notes WatchKit App.app */; settings = {ATTRIBUTES = (RemoveHeadersOnCopy, ); }; };
		0767B73B282A705A00DA0F17 /* Assets.xcassets in Resources */ = {isa = PBXBuildFile; fileRef = 0767B73A282A705A00DA0F17 /* Assets.xcassets */; };
		0767B741282A705A00DA0F17 /* Notes WatchKit Extension.appex in Embed App Extensions */ = {isa = PBXBuildFile; fileRef = 0767B740282A705A00DA0F17 /* Notes WatchKit Extension.appex */; settings = {ATTRIBUTES = (RemoveHeadersOnCopy, ); }; };
		0767B746282A705A00DA0F17 /* ContentView.swift in Sources */ = {isa = PBXBuildFile; fileRef = 0767B745282A705A00DA0F17 /* ContentView.swift */; };
		0767B748282A705A00DA0F17 /* NotesApp.swift in Sources */ = {isa = PBXBuildFile; fileRef = 0767B747282A705A00DA0F17 /* NotesApp.swift */; };
		0767B74A282A705A00DA0F17 /* ComplicationController.swift in Sources */ = {isa = PBXBuildFile; fileRef = 0767B749282A705A00DA0F17 /* ComplicationController.swift */; };
		0767B74C282A705C00DA0F17 /* Assets.xcassets in Resources */ = {isa = PBXBuildFile; fileRef = 0767B74B282A705C00DA0F17 /* Assets.xcassets */; };
		0767B74F282A705C00DA0F17 /* Preview Assets.xcassets in Resources */ = {isa = PBXBuildFile; fileRef = 0767B74E282A705C00DA0F17 /* Preview Assets.xcassets */; };
		0767B761282A733300DA0F17 /* Note.swift in Sources */ = {isa = PBXBuildFile; fileRef = 0767B760282A733300DA0F17 /* Note.swift */; };
		0767B763282A847500DA0F17 /* DetailView.swift in Sources */ = {isa = PBXBuildFile; fileRef = 0767B762282A847500DA0F17 /* DetailView.swift */; };
		0767B765282A89C200DA0F17 /* CreditsView.swift in Sources */ = {isa = PBXBuildFile; fileRef = 0767B764282A89C200DA0F17 /* CreditsView.swift */; };
		0767B768282A8A5200DA0F17 /* HeaderView.swift in Sources */ = {isa = PBXBuildFile; fileRef = 0767B767282A8A5200DA0F17 /* HeaderView.swift */; };
		0767B76A282A919000DA0F17 /* SettingsView.swift in Sources */ = {isa = PBXBuildFile; fileRef = 0767B769282A919000DA0F17 /* SettingsView.swift */; };
/* End PBXBuildFile section */

/* Begin PBXContainerItemProxy section */
		0767B737282A705500DA0F17 /* PBXContainerItemProxy */ = {
			isa = PBXContainerItemProxy;
			containerPortal = 0767B72B282A705400DA0F17 /* Project object */;
			proxyType = 1;
			remoteGlobalIDString = 0767B734282A705500DA0F17;
			remoteInfo = "Notes WatchKit App";
		};
		0767B742282A705A00DA0F17 /* PBXContainerItemProxy */ = {
			isa = PBXContainerItemProxy;
			containerPortal = 0767B72B282A705400DA0F17 /* Project object */;
			proxyType = 1;
			remoteGlobalIDString = 0767B73F282A705A00DA0F17;
			remoteInfo = "Notes WatchKit Extension";
		};
/* End PBXContainerItemProxy section */

/* Begin PBXCopyFilesBuildPhase section */
		0767B756282A705C00DA0F17 /* Embed App Extensions */ = {
			isa = PBXCopyFilesBuildPhase;
			buildActionMask = 2147483647;
			dstPath = "";
			dstSubfolderSpec = 13;
			files = (
				0767B741282A705A00DA0F17 /* Notes WatchKit Extension.appex in Embed App Extensions */,
			);
			name = "Embed App Extensions";
			runOnlyForDeploymentPostprocessing = 0;
		};
		0767B75A282A705C00DA0F17 /* Embed Watch Content */ = {
			isa = PBXCopyFilesBuildPhase;
			buildActionMask = 2147483647;
			dstPath = "$(CONTENTS_FOLDER_PATH)/Watch";
			dstSubfolderSpec = 16;
			files = (
				0767B736282A705500DA0F17 /* Notes WatchKit App.app in Embed Watch Content */,
			);
			name = "Embed Watch Content";
			runOnlyForDeploymentPostprocessing = 0;
		};
/* End PBXCopyFilesBuildPhase section */

/* Begin PBXFileReference section */
		0767B731282A705400DA0F17 /* Notes.app */ = {isa = PBXFileReference; explicitFileType = wrapper.application; includeInIndex = 0; path = Notes.app; sourceTree = BUILT_PRODUCTS_DIR; };
		0767B735282A705500DA0F17 /* Notes WatchKit App.app */ = {isa = PBXFileReference; explicitFileType = wrapper.application; includeInIndex = 0; path = "Notes WatchKit App.app"; sourceTree = BUILT_PRODUCTS_DIR; };
		0767B73A282A705A00DA0F17 /* Assets.xcassets */ = {isa = PBXFileReference; lastKnownFileType = folder.assetcatalog; path = Assets.xcassets; sourceTree = "<group>"; };
		0767B740282A705A00DA0F17 /* Notes WatchKit Extension.appex */ = {isa = PBXFileReference; explicitFileType = "wrapper.app-extension"; includeInIndex = 0; path = "Notes WatchKit Extension.appex"; sourceTree = BUILT_PRODUCTS_DIR; };
		0767B745282A705A00DA0F17 /* ContentView.swift */ = {isa = PBXFileReference; lastKnownFileType = sourcecode.swift; path = ContentView.swift; sourceTree = "<group>"; };
		0767B747282A705A00DA0F17 /* NotesApp.swift */ = {isa = PBXFileReference; lastKnownFileType = sourcecode.swift; path = NotesApp.swift; sourceTree = "<group>"; };
		0767B749282A705A00DA0F17 /* ComplicationController.swift */ = {isa = PBXFileReference; lastKnownFileType = sourcecode.swift; path = ComplicationController.swift; sourceTree = "<group>"; };
		0767B74B282A705C00DA0F17 /* Assets.xcassets */ = {isa = PBXFileReference; lastKnownFileType = folder.assetcatalog; path = Assets.xcassets; sourceTree = "<group>"; };
		0767B74E282A705C00DA0F17 /* Preview Assets.xcassets */ = {isa = PBXFileReference; lastKnownFileType = folder.assetcatalog; path = "Preview Assets.xcassets"; sourceTree = "<group>"; };
		0767B750282A705C00DA0F17 /* Info.plist */ = {isa = PBXFileReference; lastKnownFileType = text.plist.xml; path = Info.plist; sourceTree = "<group>"; };
		0767B760282A733300DA0F17 /* Note.swift */ = {isa = PBXFileReference; lastKnownFileType = sourcecode.swift; path = Note.swift; sourceTree = "<group>"; };
		0767B762282A847500DA0F17 /* DetailView.swift */ = {isa = PBXFileReference; lastKnownFileType = sourcecode.swift; path = DetailView.swift; sourceTree = "<group>"; };
		0767B764282A89C200DA0F17 /* CreditsView.swift */ = {isa = PBXFileReference; lastKnownFileType = sourcecode.swift; path = CreditsView.swift; sourceTree = "<group>"; };
		0767B767282A8A5200DA0F17 /* HeaderView.swift */ = {isa = PBXFileReference; lastKnownFileType = sourcecode.swift; path = HeaderView.swift; sourceTree = "<group>"; };
		0767B769282A919000DA0F17 /* SettingsView.swift */ = {isa = PBXFileReference; lastKnownFileType = sourcecode.swift; path = SettingsView.swift; sourceTree = "<group>"; };
/* End PBXFileReference section */

/* Begin PBXFrameworksBuildPhase section */
		0767B73D282A705A00DA0F17 /* Frameworks */ = {
			isa = PBXFrameworksBuildPhase;
			buildActionMask = 2147483647;
			files = (
			);
			runOnlyForDeploymentPostprocessing = 0;
		};
/* End PBXFrameworksBuildPhase section */

/* Begin PBXGroup section */
		0767B72A282A705400DA0F17 = {
			isa = PBXGroup;
			children = (
				0767B739282A705500DA0F17 /* Notes WatchKit App */,
				0767B744282A705A00DA0F17 /* Notes WatchKit Extension */,
				0767B732282A705400DA0F17 /* Products */,
			);
			sourceTree = "<group>";
		};
		0767B732282A705400DA0F17 /* Products */ = {
			isa = PBXGroup;
			children = (
				0767B731282A705400DA0F17 /* Notes.app */,
				0767B735282A705500DA0F17 /* Notes WatchKit App.app */,
				0767B740282A705A00DA0F17 /* Notes WatchKit Extension.appex */,
			);
			name = Products;
			sourceTree = "<group>";
		};
		0767B739282A705500DA0F17 /* Notes WatchKit App */ = {
			isa = PBXGroup;
			children = (
				0767B73A282A705A00DA0F17 /* Assets.xcassets */,
			);
			path = "Notes WatchKit App";
			sourceTree = "<group>";
		};
		0767B744282A705A00DA0F17 /* Notes WatchKit Extension */ = {
			isa = PBXGroup;
			children = (
				0767B766282A8A4300DA0F17 /* Component */,
				0767B75F282A730600DA0F17 /* Model */,
				0767B75E282A72F900DA0F17 /* View */,
				0767B747282A705A00DA0F17 /* NotesApp.swift */,
				0767B749282A705A00DA0F17 /* ComplicationController.swift */,
				0767B74B282A705C00DA0F17 /* Assets.xcassets */,
				0767B750282A705C00DA0F17 /* Info.plist */,
				0767B74D282A705C00DA0F17 /* Preview Content */,
			);
			path = "Notes WatchKit Extension";
			sourceTree = "<group>";
		};
		0767B74D282A705C00DA0F17 /* Preview Content */ = {
			isa = PBXGroup;
			children = (
				0767B74E282A705C00DA0F17 /* Preview Assets.xcassets */,
			);
			path = "Preview Content";
			sourceTree = "<group>";
		};
		0767B75E282A72F900DA0F17 /* View */ = {
			isa = PBXGroup;
			children = (
				0767B745282A705A00DA0F17 /* ContentView.swift */,
				0767B762282A847500DA0F17 /* DetailView.swift */,
				0767B764282A89C200DA0F17 /* CreditsView.swift */,
				0767B769282A919000DA0F17 /* SettingsView.swift */,
			);
			path = View;
			sourceTree = "<group>";
		};
		0767B75F282A730600DA0F17 /* Model */ = {
			isa = PBXGroup;
			children = (
				0767B760282A733300DA0F17 /* Note.swift */,
			);
			path = Model;
			sourceTree = "<group>";
		};
		0767B766282A8A4300DA0F17 /* Component */ = {
			isa = PBXGroup;
			children = (
				0767B767282A8A5200DA0F17 /* HeaderView.swift */,
			);
			path = Component;
			sourceTree = "<group>";
		};
/* End PBXGroup section */

/* Begin PBXNativeTarget section */
		0767B730282A705400DA0F17 /* Notes */ = {
			isa = PBXNativeTarget;
			buildConfigurationList = 0767B75B282A705C00DA0F17 /* Build configuration list for PBXNativeTarget "Notes" */;
			buildPhases = (
				0767B72F282A705400DA0F17 /* Resources */,
				0767B75A282A705C00DA0F17 /* Embed Watch Content */,
			);
			buildRules = (
			);
			dependencies = (
				0767B738282A705500DA0F17 /* PBXTargetDependency */,
			);
			name = Notes;
			productName = Notes;
			productReference = 0767B731282A705400DA0F17 /* Notes.app */;
			productType = "com.apple.product-type.application.watchapp2-container";
		};
		0767B734282A705500DA0F17 /* Notes WatchKit App */ = {
			isa = PBXNativeTarget;
			buildConfigurationList = 0767B757282A705C00DA0F17 /* Build configuration list for PBXNativeTarget "Notes WatchKit App" */;
			buildPhases = (
				0767B733282A705500DA0F17 /* Resources */,
				0767B756282A705C00DA0F17 /* Embed App Extensions */,
			);
			buildRules = (
			);
			dependencies = (
				0767B743282A705A00DA0F17 /* PBXTargetDependency */,
			);
			name = "Notes WatchKit App";
			productName = "Notes WatchKit App";
			productReference = 0767B735282A705500DA0F17 /* Notes WatchKit App.app */;
			productType = "com.apple.product-type.application.watchapp2";
		};
		0767B73F282A705A00DA0F17 /* Notes WatchKit Extension */ = {
			isa = PBXNativeTarget;
			buildConfigurationList = 0767B753282A705C00DA0F17 /* Build configuration list for PBXNativeTarget "Notes WatchKit Extension" */;
			buildPhases = (
				0767B73C282A705A00DA0F17 /* Sources */,
				0767B73D282A705A00DA0F17 /* Frameworks */,
				0767B73E282A705A00DA0F17 /* Resources */,
			);
			buildRules = (
			);
			dependencies = (
			);
			name = "Notes WatchKit Extension";
			productName = "Notes WatchKit Extension";
			productReference = 0767B740282A705A00DA0F17 /* Notes WatchKit Extension.appex */;
			productType = "com.apple.product-type.watchkit2-extension";
		};
/* End PBXNativeTarget section */

/* Begin PBXProject section */
		0767B72B282A705400DA0F17 /* Project object */ = {
			isa = PBXProject;
			attributes = {
				BuildIndependentTargetsInParallel = 1;
				LastSwiftUpdateCheck = 1330;
				LastUpgradeCheck = 1330;
				TargetAttributes = {
					0767B730282A705400DA0F17 = {
						CreatedOnToolsVersion = 13.3.1;
					};
					0767B734282A705500DA0F17 = {
						CreatedOnToolsVersion = 13.3.1;
					};
					0767B73F282A705A00DA0F17 = {
						CreatedOnToolsVersion = 13.3.1;
					};
				};
			};
			buildConfigurationList = 0767B72E282A705400DA0F17 /* Build configuration list for PBXProject "Notes" */;
			compatibilityVersion = "Xcode 13.0";
			developmentRegion = en;
			hasScannedForEncodings = 0;
			knownRegions = (
				en,
				Base,
			);
			mainGroup = 0767B72A282A705400DA0F17;
			productRefGroup = 0767B732282A705400DA0F17 /* Products */;
			projectDirPath = "";
			projectRoot = "";
			targets = (
				0767B730282A705400DA0F17 /* Notes */,
				0767B734282A705500DA0F17 /* Notes WatchKit App */,
				0767B73F282A705A00DA0F17 /* Notes WatchKit Extension */,
			);
		};
/* End PBXProject section */

/* Begin PBXResourcesBuildPhase section */
		0767B72F282A705400DA0F17 /* Resources */ = {
			isa = PBXResourcesBuildPhase;
			buildActionMask = 2147483647;
			files = (
			);
			runOnlyForDeploymentPostprocessing = 0;
		};
		0767B733282A705500DA0F17 /* Resources */ = {
			isa = PBXResourcesBuildPhase;
			buildActionMask = 2147483647;
			files = (
				0767B73B282A705A00DA0F17 /* Assets.xcassets in Resources */,
			);
			runOnlyForDeploymentPostprocessing = 0;
		};
		0767B73E282A705A00DA0F17 /* Resources */ = {
			isa = PBXResourcesBuildPhase;
			buildActionMask = 2147483647;
			files = (
				0767B74F282A705C00DA0F17 /* Preview Assets.xcassets in Resources */,
				0767B74C282A705C00DA0F17 /* Assets.xcassets in Resources */,
			);
			runOnlyForDeploymentPostprocessing = 0;
		};
/* End PBXResourcesBuildPhase section */

/* Begin PBXSourcesBuildPhase section */
		0767B73C282A705A00DA0F17 /* Sources */ = {
			isa = PBXSourcesBuildPhase;
			buildActionMask = 2147483647;
			files = (
				0767B746282A705A00DA0F17 /* ContentView.swift in Sources */,
				0767B76A282A919000DA0F17 /* SettingsView.swift in Sources */,
				0767B748282A705A00DA0F17 /* NotesApp.swift in Sources */,
				0767B74A282A705A00DA0F17 /* ComplicationController.swift in Sources */,
				0767B765282A89C200DA0F17 /* CreditsView.swift in Sources */,
				0767B763282A847500DA0F17 /* DetailView.swift in Sources */,
				0767B761282A733300DA0F17 /* Note.swift in Sources */,
				0767B768282A8A5200DA0F17 /* HeaderView.swift in Sources */,
			);
			runOnlyForDeploymentPostprocessing = 0;
		};
/* End PBXSourcesBuildPhase section */

/* Begin PBXTargetDependency section */
		0767B738282A705500DA0F17 /* PBXTargetDependency */ = {
			isa = PBXTargetDependency;
			target = 0767B734282A705500DA0F17 /* Notes WatchKit App */;
			targetProxy = 0767B737282A705500DA0F17 /* PBXContainerItemProxy */;
		};
		0767B743282A705A00DA0F17 /* PBXTargetDependency */ = {
			isa = PBXTargetDependency;
			target = 0767B73F282A705A00DA0F17 /* Notes WatchKit Extension */;
			targetProxy = 0767B742282A705A00DA0F17 /* PBXContainerItemProxy */;
		};
/* End PBXTargetDependency section */

/* Begin XCBuildConfiguration section */
		0767B751282A705C00DA0F17 /* Debug */ = {
			isa = XCBuildConfiguration;
			buildSettings = {
				ALWAYS_SEARCH_USER_PATHS = NO;
				CLANG_ANALYZER_NONNULL = YES;
				CLANG_ANALYZER_NUMBER_OBJECT_CONVERSION = YES_AGGRESSIVE;
				CLANG_CXX_LANGUAGE_STANDARD = "gnu++17";
				CLANG_ENABLE_MODULES = YES;
				CLANG_ENABLE_OBJC_ARC = YES;
				CLANG_ENABLE_OBJC_WEAK = YES;
				CLANG_WARN_BLOCK_CAPTURE_AUTORELEASING = YES;
				CLANG_WARN_BOOL_CONVERSION = YES;
				CLANG_WARN_COMMA = YES;
				CLANG_WARN_CONSTANT_CONVERSION = YES;
				CLANG_WARN_DEPRECATED_OBJC_IMPLEMENTATIONS = YES;
				CLANG_WARN_DIRECT_OBJC_ISA_USAGE = YES_ERROR;
				CLANG_WARN_DOCUMENTATION_COMMENTS = YES;
				CLANG_WARN_EMPTY_BODY = YES;
				CLANG_WARN_ENUM_CONVERSION = YES;
				CLANG_WARN_INFINITE_RECURSION = YES;
				CLANG_WARN_INT_CONVERSION = YES;
				CLANG_WARN_NON_LITERAL_NULL_CONVERSION = YES;
				CLANG_WARN_OBJC_IMPLICIT_RETAIN_SELF = YES;
				CLANG_WARN_OBJC_LITERAL_CONVERSION = YES;
				CLANG_WARN_OBJC_ROOT_CLASS = YES_ERROR;
				CLANG_WARN_QUOTED_INCLUDE_IN_FRAMEWORK_HEADER = YES;
				CLANG_WARN_RANGE_LOOP_ANALYSIS = YES;
				CLANG_WARN_STRICT_PROTOTYPES = YES;
				CLANG_WARN_SUSPICIOUS_MOVE = YES;
				CLANG_WARN_UNGUARDED_AVAILABILITY = YES_AGGRESSIVE;
				CLANG_WARN_UNREACHABLE_CODE = YES;
				CLANG_WARN__DUPLICATE_METHOD_MATCH = YES;
				COPY_PHASE_STRIP = NO;
				DEBUG_INFORMATION_FORMAT = dwarf;
				ENABLE_STRICT_OBJC_MSGSEND = YES;
				ENABLE_TESTABILITY = YES;
				GCC_C_LANGUAGE_STANDARD = gnu11;
				GCC_DYNAMIC_NO_PIC = NO;
				GCC_NO_COMMON_BLOCKS = YES;
				GCC_OPTIMIZATION_LEVEL = 0;
				GCC_PREPROCESSOR_DEFINITIONS = (
					"DEBUG=1",
					"$(inherited)",
				);
				GCC_WARN_64_TO_32_BIT_CONVERSION = YES;
				GCC_WARN_ABOUT_RETURN_TYPE = YES_ERROR;
				GCC_WARN_UNDECLARED_SELECTOR = YES;
				GCC_WARN_UNINITIALIZED_AUTOS = YES_AGGRESSIVE;
				GCC_WARN_UNUSED_FUNCTION = YES;
				GCC_WARN_UNUSED_VARIABLE = YES;
				MTL_ENABLE_DEBUG_INFO = INCLUDE_SOURCE;
				MTL_FAST_MATH = YES;
				ONLY_ACTIVE_ARCH = YES;
				SDKROOT = iphoneos;
				SWIFT_ACTIVE_COMPILATION_CONDITIONS = DEBUG;
				SWIFT_OPTIMIZATION_LEVEL = "-Onone";
			};
			name = Debug;
		};
		0767B752282A705C00DA0F17 /* Release */ = {
			isa = XCBuildConfiguration;
			buildSettings = {
				ALWAYS_SEARCH_USER_PATHS = NO;
				CLANG_ANALYZER_NONNULL = YES;
				CLANG_ANALYZER_NUMBER_OBJECT_CONVERSION = YES_AGGRESSIVE;
				CLANG_CXX_LANGUAGE_STANDARD = "gnu++17";
				CLANG_ENABLE_MODULES = YES;
				CLANG_ENABLE_OBJC_ARC = YES;
				CLANG_ENABLE_OBJC_WEAK = YES;
				CLANG_WARN_BLOCK_CAPTURE_AUTORELEASING = YES;
				CLANG_WARN_BOOL_CONVERSION = YES;
				CLANG_WARN_COMMA = YES;
				CLANG_WARN_CONSTANT_CONVERSION = YES;
				CLANG_WARN_DEPRECATED_OBJC_IMPLEMENTATIONS = YES;
				CLANG_WARN_DIRECT_OBJC_ISA_USAGE = YES_ERROR;
				CLANG_WARN_DOCUMENTATION_COMMENTS = YES;
				CLANG_WARN_EMPTY_BODY = YES;
				CLANG_WARN_ENUM_CONVERSION = YES;
				CLANG_WARN_INFINITE_RECURSION = YES;
				CLANG_WARN_INT_CONVERSION = YES;
				CLANG_WARN_NON_LITERAL_NULL_CONVERSION = YES;
				CLANG_WARN_OBJC_IMPLICIT_RETAIN_SELF = YES;
				CLANG_WARN_OBJC_LITERAL_CONVERSION = YES;
				CLANG_WARN_OBJC_ROOT_CLASS = YES_ERROR;
				CLANG_WARN_QUOTED_INCLUDE_IN_FRAMEWORK_HEADER = YES;
				CLANG_WARN_RANGE_LOOP_ANALYSIS = YES;
				CLANG_WARN_STRICT_PROTOTYPES = YES;
				CLANG_WARN_SUSPICIOUS_MOVE = YES;
				CLANG_WARN_UNGUARDED_AVAILABILITY = YES_AGGRESSIVE;
				CLANG_WARN_UNREACHABLE_CODE = YES;
				CLANG_WARN__DUPLICATE_METHOD_MATCH = YES;
				COPY_PHASE_STRIP = NO;
				DEBUG_INFORMATION_FORMAT = "dwarf-with-dsym";
				ENABLE_NS_ASSERTIONS = NO;
				ENABLE_STRICT_OBJC_MSGSEND = YES;
				GCC_C_LANGUAGE_STANDARD = gnu11;
				GCC_NO_COMMON_BLOCKS = YES;
				GCC_WARN_64_TO_32_BIT_CONVERSION = YES;
				GCC_WARN_ABOUT_RETURN_TYPE = YES_ERROR;
				GCC_WARN_UNDECLARED_SELECTOR = YES;
				GCC_WARN_UNINITIALIZED_AUTOS = YES_AGGRESSIVE;
				GCC_WARN_UNUSED_FUNCTION = YES;
				GCC_WARN_UNUSED_VARIABLE = YES;
				MTL_ENABLE_DEBUG_INFO = NO;
				MTL_FAST_MATH = YES;
				SDKROOT = iphoneos;
				SWIFT_COMPILATION_MODE = wholemodule;
				SWIFT_OPTIMIZATION_LEVEL = "-O";
				VALIDATE_PRODUCT = YES;
			};
			name = Release;
		};
		0767B754282A705C00DA0F17 /* Debug */ = {
			isa = XCBuildConfiguration;
			buildSettings = {
				ASSETCATALOG_COMPILER_COMPLICATION_NAME = Complication;
				CODE_SIGN_STYLE = Automatic;
				CURRENT_PROJECT_VERSION = 1;
				DEVELOPMENT_ASSET_PATHS = "\"Notes WatchKit Extension/Preview Content\"";
				DEVELOPMENT_TEAM = HK6822P437;
				ENABLE_PREVIEWS = YES;
				GENERATE_INFOPLIST_FILE = YES;
				INFOPLIST_FILE = "Notes WatchKit Extension/Info.plist";
				INFOPLIST_KEY_CFBundleDisplayName = "Notes WatchKit Extension";
				INFOPLIST_KEY_CLKComplicationPrincipalClass = "$(PRODUCT_MODULE_NAME).ComplicationController";
				INFOPLIST_KEY_NSHumanReadableCopyright = "";
				INFOPLIST_KEY_WKWatchOnly = YES;
				LD_RUNPATH_SEARCH_PATHS = (
					"$(inherited)",
					"@executable_path/Frameworks",
					"@executable_path/../../Frameworks",
				);
				MARKETING_VERSION = 1.0;
				PRODUCT_BUNDLE_IDENTIFIER = com.amanx.Notes.watchkitapp.watchkitextension;
				PRODUCT_NAME = "${TARGET_NAME}";
				SDKROOT = watchos;
				SKIP_INSTALL = YES;
				SWIFT_EMIT_LOC_STRINGS = YES;
				SWIFT_VERSION = 5.0;
				TARGETED_DEVICE_FAMILY = 4;
				WATCHOS_DEPLOYMENT_TARGET = 8.5;
			};
			name = Debug;
		};
		0767B755282A705C00DA0F17 /* Release */ = {
			isa = XCBuildConfiguration;
			buildSettings = {
				ASSETCATALOG_COMPILER_COMPLICATION_NAME = Complication;
				CODE_SIGN_STYLE = Automatic;
				CURRENT_PROJECT_VERSION = 1;
				DEVELOPMENT_ASSET_PATHS = "\"Notes WatchKit Extension/Preview Content\"";
				DEVELOPMENT_TEAM = HK6822P437;
				ENABLE_PREVIEWS = YES;
				GENERATE_INFOPLIST_FILE = YES;
				INFOPLIST_FILE = "Notes WatchKit Extension/Info.plist";
				INFOPLIST_KEY_CFBundleDisplayName = "Notes WatchKit Extension";
				INFOPLIST_KEY_CLKComplicationPrincipalClass = "$(PRODUCT_MODULE_NAME).ComplicationController";
				INFOPLIST_KEY_NSHumanReadableCopyright = "";
				INFOPLIST_KEY_WKWatchOnly = YES;
				LD_RUNPATH_SEARCH_PATHS = (
					"$(inherited)",
					"@executable_path/Frameworks",
					"@executable_path/../../Frameworks",
				);
				MARKETING_VERSION = 1.0;
				PRODUCT_BUNDLE_IDENTIFIER = com.amanx.Notes.watchkitapp.watchkitextension;
				PRODUCT_NAME = "${TARGET_NAME}";
				SDKROOT = watchos;
				SKIP_INSTALL = YES;
				SWIFT_EMIT_LOC_STRINGS = YES;
				SWIFT_VERSION = 5.0;
				TARGETED_DEVICE_FAMILY = 4;
				WATCHOS_DEPLOYMENT_TARGET = 8.5;
			};
			name = Release;
		};
		0767B758282A705C00DA0F17 /* Debug */ = {
			isa = XCBuildConfiguration;
			buildSettings = {
				ALWAYS_EMBED_SWIFT_STANDARD_LIBRARIES = YES;
				ASSETCATALOG_COMPILER_APPICON_NAME = AppIcon;
				ASSETCATALOG_COMPILER_GLOBAL_ACCENT_COLOR_NAME = AccentColor;
				CODE_SIGN_STYLE = Automatic;
				CURRENT_PROJECT_VERSION = 1;
				DEVELOPMENT_TEAM = HK6822P437;
				GENERATE_INFOPLIST_FILE = YES;
				IBSC_MODULE = Notes_WatchKit_Extension;
				INFOPLIST_KEY_CFBundleDisplayName = "Notes WatchKit App";
				INFOPLIST_KEY_UISupportedInterfaceOrientations = "UIInterfaceOrientationPortrait UIInterfaceOrientationPortraitUpsideDown";
				MARKETING_VERSION = 1.0;
				PRODUCT_BUNDLE_IDENTIFIER = com.amanx.Notes.watchkitapp;
				PRODUCT_NAME = "$(TARGET_NAME)";
				SDKROOT = watchos;
				SKIP_INSTALL = YES;
				SWIFT_EMIT_LOC_STRINGS = YES;
				SWIFT_VERSION = 5.0;
				TARGETED_DEVICE_FAMILY = 4;
				WATCHOS_DEPLOYMENT_TARGET = 8.5;
			};
			name = Debug;
		};
		0767B759282A705C00DA0F17 /* Release */ = {
			isa = XCBuildConfiguration;
			buildSettings = {
				ALWAYS_EMBED_SWIFT_STANDARD_LIBRARIES = YES;
				ASSETCATALOG_COMPILER_APPICON_NAME = AppIcon;
				ASSETCATALOG_COMPILER_GLOBAL_ACCENT_COLOR_NAME = AccentColor;
				CODE_SIGN_STYLE = Automatic;
				CURRENT_PROJECT_VERSION = 1;
				DEVELOPMENT_TEAM = HK6822P437;
				GENERATE_INFOPLIST_FILE = YES;
				IBSC_MODULE = Notes_WatchKit_Extension;
				INFOPLIST_KEY_CFBundleDisplayName = "Notes WatchKit App";
				INFOPLIST_KEY_UISupportedInterfaceOrientations = "UIInterfaceOrientationPortrait UIInterfaceOrientationPortraitUpsideDown";
				MARKETING_VERSION = 1.0;
				PRODUCT_BUNDLE_IDENTIFIER = com.amanx.Notes.watchkitapp;
				PRODUCT_NAME = "$(TARGET_NAME)";
				SDKROOT = watchos;
				SKIP_INSTALL = YES;
				SWIFT_EMIT_LOC_STRINGS = YES;
				SWIFT_VERSION = 5.0;
				TARGETED_DEVICE_FAMILY = 4;
				WATCHOS_DEPLOYMENT_TARGET = 8.5;
			};
			name = Release;
		};
		0767B75C282A705C00DA0F17 /* Debug */ = {
			isa = XCBuildConfiguration;
			buildSettings = {
				CODE_SIGN_STYLE = Automatic;
				CURRENT_PROJECT_VERSION = 1;
				DEVELOPMENT_TEAM = HK6822P437;
				MARKETING_VERSION = 1.0;
				PRODUCT_BUNDLE_IDENTIFIER = com.amanx.Notes;
				PRODUCT_NAME = "$(TARGET_NAME)";
				SWIFT_VERSION = 5.0;
			};
			name = Debug;
		};
		0767B75D282A705C00DA0F17 /* Release */ = {
			isa = XCBuildConfiguration;
			buildSettings = {
				CODE_SIGN_STYLE = Automatic;
				CURRENT_PROJECT_VERSION = 1;
				DEVELOPMENT_TEAM = HK6822P437;
				MARKETING_VERSION = 1.0;
				PRODUCT_BUNDLE_IDENTIFIER = com.amanx.Notes;
				PRODUCT_NAME = "$(TARGET_NAME)";
				SWIFT_VERSION = 5.0;
			};
			name = Release;
		};
/* End XCBuildConfiguration section */

/* Begin XCConfigurationList section */
		0767B72E282A705400DA0F17 /* Build configuration list for PBXProject "Notes" */ = {
			isa = XCConfigurationList;
			buildConfigurations = (
				0767B751282A705C00DA0F17 /* Debug */,
				0767B752282A705C00DA0F17 /* Release */,
			);
			defaultConfigurationIsVisible = 0;
			defaultConfigurationName = Release;
		};
		0767B753282A705C00DA0F17 /* Build configuration list for PBXNativeTarget "Notes WatchKit Extension" */ = {
			isa = XCConfigurationList;
			buildConfigurations = (
				0767B754282A705C00DA0F17 /* Debug */,
				0767B755282A705C00DA0F17 /* Release */,
			);
			defaultConfigurationIsVisible = 0;
			defaultConfigurationName = Release;
		};
		0767B757282A705C00DA0F17 /* Build configuration list for PBXNativeTarget "Notes WatchKit App" */ = {
			isa = XCConfigurationList;
			buildConfigurations = (
				0767B758282A705C00DA0F17 /* Debug */,
				0767B759282A705C00DA0F17 /* Release */,
			);
			defaultConfigurationIsVisible = 0;
			defaultConfigurationName = Release;
		};
		0767B75B282A705C00DA0F17 /* Build configuration list for PBXNativeTarget "Notes" */ = {
			isa = XCConfigurationList;
			buildConfigurations = (
				0767B75C282A705C00DA0F17 /* Debug */,
				0767B75D282A705C00DA0F17 /* Release */,
			);
			defaultConfigurationIsVisible = 0;
			defaultConfigurationName = Release;
		};
/* End XCConfigurationList section */
	};
	rootObject = 0767B72B282A705400DA0F17 /* Project object */;
}
